
Microsoft Visual Studio Solution File, Format Version 12.00
# Visual Studio 15
VisualStudioVersion = 15.0.26430.15
MinimumVisualStudioVersion = 10.0.40219.1
Project("{FAE04EC0-301F-11D3-BF4B-00C04F79EFBC}") = "HelloWorld.Android", "HelloWorld\HelloWorld.Android\HelloWorld.Android.csproj", "{AF252ECD-8CDD-4FA5-AD96-282D9306A049}"
EndProject
Project("{FAE04EC0-301F-11D3-BF4B-00C04F79EFBC}") = "HelloWorld", "HelloWorld\HelloWorld\HelloWorld.csproj", "{0D06B90B-063C-426F-ACD2-296B97724875}"
EndProject
Project("{FAE04EC0-301F-11D3-BF4B-00C04F79EFBC}") = "HelloWorld.UWP", "HelloWorld\HelloWorld.UWP\HelloWorld.UWP.csproj", "{3D864D44-4B2A-4333-B198-7BD186E76444}"
EndProject
Project("{FAE04EC0-301F-11D3-BF4B-00C04F79EFBC}") = "HelloWorld.iOS", "HelloWorld\HelloWorld.iOS\HelloWorld.iOS.csproj", "{18A99446-4755-4FED-8579-EC962B3F171E}"
EndProject
Global
	GlobalSection(SolutionConfigurationPlatforms) = preSolution
		Ad-Hoc|Any CPU = Ad-Hoc|Any CPU
		Ad-Hoc|ARM = Ad-Hoc|ARM
		Ad-Hoc|iPhone = Ad-Hoc|iPhone
		Ad-Hoc|iPhoneSimulator = Ad-Hoc|iPhoneSimulator
		Ad-Hoc|x64 = Ad-Hoc|x64
		Ad-Hoc|x86 = Ad-Hoc|x86
		AppStore|Any CPU = AppStore|Any CPU
		AppStore|ARM = AppStore|ARM
		AppStore|iPhone = AppStore|iPhone
		AppStore|iPhoneSimulator = AppStore|iPhoneSimulator
		AppStore|x64 = AppStore|x64
		AppStore|x86 = AppStore|x86
		Debug|Any CPU = Debug|Any CPU
		Debug|ARM = Debug|ARM
		Debug|iPhone = Debug|iPhone
		Debug|iPhoneSimulator = Debug|iPhoneSimulator
		Debug|x64 = Debug|x64
		Debug|x86 = Debug|x86
		Release|Any CPU = Release|Any CPU
		Release|ARM = Release|ARM
		Release|iPhone = Release|iPhone
		Release|iPhoneSimulator = Release|iPhoneSimulator
		Release|x64 = Release|x64
		Release|x86 = Release|x86
	EndGlobalSection
	GlobalSection(ProjectConfigurationPlatforms) = postSolution
		{AF252ECD-8CDD-4FA5-AD96-282D9306A049}.Ad-Hoc|Any CPU.ActiveCfg = Release|Any CPU
		{AF252ECD-8CDD-4FA5-AD96-282D9306A049}.Ad-Hoc|Any CPU.Build.0 = Release|Any CPU
		{AF252ECD-8CDD-4FA5-AD96-282D9306A049}.Ad-Hoc|Any CPU.Deploy.0 = Release|Any CPU
		{AF252ECD-8CDD-4FA5-AD96-282D9306A049}.Ad-Hoc|ARM.ActiveCfg = Release|Any CPU
		{AF252ECD-8CDD-4FA5-AD96-282D9306A049}.Ad-Hoc|ARM.Build.0 = Release|Any CPU
		{AF252ECD-8CDD-4FA5-AD96-282D9306A049}.Ad-Hoc|ARM.Deploy.0 = Release|Any CPU
		{AF252ECD-8CDD-4FA5-AD96-282D9306A049}.Ad-Hoc|iPhone.ActiveCfg = Release|Any CPU
		{AF252ECD-8CDD-4FA5-AD96-282D9306A049}.Ad-Hoc|iPhone.Build.0 = Release|Any CPU
		{AF252ECD-8CDD-4FA5-AD96-282D9306A049}.Ad-Hoc|iPhone.Deploy.0 = Release|Any CPU
		{AF252ECD-8CDD-4FA5-AD96-282D9306A049}.Ad-Hoc|iPhoneSimulator.ActiveCfg = Release|Any CPU
		{AF252ECD-8CDD-4FA5-AD96-282D9306A049}.Ad-Hoc|iPhoneSimulator.Build.0 = Release|Any CPU
		{AF252ECD-8CDD-4FA5-AD96-282D9306A049}.Ad-Hoc|iPhoneSimulator.Deploy.0 = Release|Any CPU
		{AF252ECD-8CDD-4FA5-AD96-282D9306A049}.Ad-Hoc|x64.ActiveCfg = Release|Any CPU
		{AF252ECD-8CDD-4FA5-AD96-282D9306A049}.Ad-Hoc|x64.Build.0 = Release|Any CPU
		{AF252ECD-8CDD-4FA5-AD96-282D9306A049}.Ad-Hoc|x64.Deploy.0 = Release|Any CPU
		{AF252ECD-8CDD-4FA5-AD96-282D9306A049}.Ad-Hoc|x86.ActiveCfg = Release|Any CPU
		{AF252ECD-8CDD-4FA5-AD96-282D9306A049}.Ad-Hoc|x86.Build.0 = Release|Any CPU
		{AF252ECD-8CDD-4FA5-AD96-282D9306A049}.Ad-Hoc|x86.Deploy.0 = Release|Any CPU
		{AF252ECD-8CDD-4FA5-AD96-282D9306A049}.AppStore|Any CPU.ActiveCfg = Release|Any CPU
		{AF252ECD-8CDD-4FA5-AD96-282D9306A049}.AppStore|Any CPU.Build.0 = Release|Any CPU
		{AF252ECD-8CDD-4FA5-AD96-282D9306A049}.AppStore|Any CPU.Deploy.0 = Release|Any CPU
		{AF252ECD-8CDD-4FA5-AD96-282D9306A049}.AppStore|ARM.ActiveCfg = Release|Any CPU
		{AF252ECD-8CDD-4FA5-AD96-282D9306A049}.AppStore|ARM.Build.0 = Release|Any CPU
		{AF252ECD-8CDD-4FA5-AD96-282D9306A049}.AppStore|ARM.Deploy.0 = Release|Any CPU
		{AF252ECD-8CDD-4FA5-AD96-282D9306A049}.AppStore|iPhone.ActiveCfg = Release|Any CPU
		{AF252ECD-8CDD-4FA5-AD96-282D9306A049}.AppStore|iPhone.Build.0 = Release|Any CPU
		{AF252ECD-8CDD-4FA5-AD96-282D9306A049}.AppStore|iPhone.Deploy.0 = Release|Any CPU
		{AF252ECD-8CDD-4FA5-AD96-282D9306A049}.AppStore|iPhoneSimulator.ActiveCfg = Release|Any CPU
		{AF252ECD-8CDD-4FA5-AD96-282D9306A049}.AppStore|iPhoneSimulator.Build.0 = Release|Any CPU
		{AF252ECD-8CDD-4FA5-AD96-282D9306A049}.AppStore|iPhoneSimulator.Deploy.0 = Release|Any CPU
		{AF252ECD-8CDD-4FA5-AD96-282D9306A049}.AppStore|x64.ActiveCfg = Release|Any CPU
		{AF252ECD-8CDD-4FA5-AD96-282D9306A049}.AppStore|x64.Build.0 = Release|Any CPU
		{AF252ECD-8CDD-4FA5-AD96-282D9306A049}.AppStore|x64.Deploy.0 = Release|Any CPU
		{AF252ECD-8CDD-4FA5-AD96-282D9306A049}.AppStore|x86.ActiveCfg = Release|Any CPU
		{AF252ECD-8CDD-4FA5-AD96-282D9306A049}.AppStore|x86.Build.0 = Release|Any CPU
		{AF252ECD-8CDD-4FA5-AD96-282D9306A049}.AppStore|x86.Deploy.0 = Release|Any CPU
		{AF252ECD-8CDD-4FA5-AD96-282D9306A049}.Debug|Any CPU.ActiveCfg = Debug|Any CPU
		{AF252ECD-8CDD-4FA5-AD96-282D9306A049}.Debug|Any CPU.Build.0 = Debug|Any CPU
		{AF252ECD-8CDD-4FA5-AD96-282D9306A049}.Debug|Any CPU.Deploy.0 = Debug|Any CPU
		{AF252ECD-8CDD-4FA5-AD96-282D9306A049}.Debug|ARM.ActiveCfg = Debug|Any CPU
		{AF252ECD-8CDD-4FA5-AD96-282D9306A049}.Debug|ARM.Build.0 = Debug|Any CPU
		{AF252ECD-8CDD-4FA5-AD96-282D9306A049}.Debug|ARM.Deploy.0 = Debug|Any CPU
		{AF252ECD-8CDD-4FA5-AD96-282D9306A049}.Debug|iPhone.ActiveCfg = Debug|Any CPU
		{AF252ECD-8CDD-4FA5-AD96-282D9306A049}.Debug|iPhone.Build.0 = Debug|Any CPU
		{AF252ECD-8CDD-4FA5-AD96-282D9306A049}.Debug|iPhone.Deploy.0 = Debug|Any CPU
		{AF252ECD-8CDD-4FA5-AD96-282D9306A049}.Debug|iPhoneSimulator.ActiveCfg = Debug|Any CPU
		{AF252ECD-8CDD-4FA5-AD96-282D9306A049}.Debug|iPhoneSimulator.Build.0 = Debug|Any CPU
		{AF252ECD-8CDD-4FA5-AD96-282D9306A049}.Debug|iPhoneSimulator.Deploy.0 = Debug|Any CPU
		{AF252ECD-8CDD-4FA5-AD96-282D9306A049}.Debug|x64.ActiveCfg = Debug|Any CPU
		{AF252ECD-8CDD-4FA5-AD96-282D9306A049}.Debug|x64.Build.0 = Debug|Any CPU
		{AF252ECD-8CDD-4FA5-AD96-282D9306A049}.Debug|x64.Deploy.0 = Debug|Any CPU
		{AF252ECD-8CDD-4FA5-AD96-282D9306A049}.Debug|x86.ActiveCfg = Debug|Any CPU
		{AF252ECD-8CDD-4FA5-AD96-282D9306A049}.Debug|x86.Build.0 = Debug|Any CPU
		{AF252ECD-8CDD-4FA5-AD96-282D9306A049}.Debug|x86.Deploy.0 = Debug|Any CPU
		{AF252ECD-8CDD-4FA5-AD96-282D9306A049}.Release|Any CPU.ActiveCfg = Release|Any CPU
		{AF252ECD-8CDD-4FA5-AD96-282D9306A049}.Release|Any CPU.Build.0 = Release|Any CPU
		{AF252ECD-8CDD-4FA5-AD96-282D9306A049}.Release|Any CPU.Deploy.0 = Release|Any CPU
		{AF252ECD-8CDD-4FA5-AD96-282D9306A049}.Release|ARM.ActiveCfg = Release|Any CPU
		{AF252ECD-8CDD-4FA5-AD96-282D9306A049}.Release|ARM.Build.0 = Release|Any CPU
		{AF252ECD-8CDD-4FA5-AD96-282D9306A049}.Release|ARM.Deploy.0 = Release|Any CPU
		{AF252ECD-8CDD-4FA5-AD96-282D9306A049}.Release|iPhone.ActiveCfg = Release|Any CPU
		{AF252ECD-8CDD-4FA5-AD96-282D9306A049}.Release|iPhone.Build.0 = Release|Any CPU
		{AF252ECD-8CDD-4FA5-AD96-282D9306A049}.Release|iPhone.Deploy.0 = Release|Any CPU
		{AF252ECD-8CDD-4FA5-AD96-282D9306A049}.Release|iPhoneSimulator.ActiveCfg = Release|Any CPU
		{AF252ECD-8CDD-4FA5-AD96-282D9306A049}.Release|iPhoneSimulator.Build.0 = Release|Any CPU
		{AF252ECD-8CDD-4FA5-AD96-282D9306A049}.Release|iPhoneSimulator.Deploy.0 = Release|Any CPU
		{AF252ECD-8CDD-4FA5-AD96-282D9306A049}.Release|x64.ActiveCfg = Release|Any CPU
		{AF252ECD-8CDD-4FA5-AD96-282D9306A049}.Release|x64.Build.0 = Release|Any CPU
		{AF252ECD-8CDD-4FA5-AD96-282D9306A049}.Release|x64.Deploy.0 = Release|Any CPU
		{AF252ECD-8CDD-4FA5-AD96-282D9306A049}.Release|x86.ActiveCfg = Release|Any CPU
		{AF252ECD-8CDD-4FA5-AD96-282D9306A049}.Release|x86.Build.0 = Release|Any CPU
		{AF252ECD-8CDD-4FA5-AD96-282D9306A049}.Release|x86.Deploy.0 = Release|Any CPU
		{0D06B90B-063C-426F-ACD2-296B97724875}.Ad-Hoc|Any CPU.ActiveCfg = Release|Any CPU
		{0D06B90B-063C-426F-ACD2-296B97724875}.Ad-Hoc|Any CPU.Build.0 = Release|Any CPU
		{0D06B90B-063C-426F-ACD2-296B97724875}.Ad-Hoc|ARM.ActiveCfg = Release|Any CPU
		{0D06B90B-063C-426F-ACD2-296B97724875}.Ad-Hoc|ARM.Build.0 = Release|Any CPU
		{0D06B90B-063C-426F-ACD2-296B97724875}.Ad-Hoc|iPhone.ActiveCfg = Release|Any CPU
		{0D06B90B-063C-426F-ACD2-296B97724875}.Ad-Hoc|iPhone.Build.0 = Release|Any CPU
		{0D06B90B-063C-426F-ACD2-296B97724875}.Ad-Hoc|iPhoneSimulator.ActiveCfg = Release|Any CPU
		{0D06B90B-063C-426F-ACD2-296B97724875}.Ad-Hoc|iPhoneSimulator.Build.0 = Release|Any CPU
		{0D06B90B-063C-426F-ACD2-296B97724875}.Ad-Hoc|x64.ActiveCfg = Release|Any CPU
		{0D06B90B-063C-426F-ACD2-296B97724875}.Ad-Hoc|x64.Build.0 = Release|Any CPU
		{0D06B90B-063C-426F-ACD2-296B97724875}.Ad-Hoc|x86.ActiveCfg = Release|Any CPU
		{0D06B90B-063C-426F-ACD2-296B97724875}.Ad-Hoc|x86.Build.0 = Release|Any CPU
		{0D06B90B-063C-426F-ACD2-296B97724875}.AppStore|Any CPU.ActiveCfg = Release|Any CPU
		{0D06B90B-063C-426F-ACD2-296B97724875}.AppStore|Any CPU.Build.0 = Release|Any CPU
		{0D06B90B-063C-426F-ACD2-296B97724875}.AppStore|ARM.ActiveCfg = Release|Any CPU
		{0D06B90B-063C-426F-ACD2-296B97724875}.AppStore|ARM.Build.0 = Release|Any CPU
		{0D06B90B-063C-426F-ACD2-296B97724875}.AppStore|iPhone.ActiveCfg = Release|Any CPU
		{0D06B90B-063C-426F-ACD2-296B97724875}.AppStore|iPhone.Build.0 = Release|Any CPU
		{0D06B90B-063C-426F-ACD2-296B97724875}.AppStore|iPhoneSimulator.ActiveCfg = Release|Any CPU
		{0D06B90B-063C-426F-ACD2-296B97724875}.AppStore|iPhoneSimulator.Build.0 = Release|Any CPU
		{0D06B90B-063C-426F-ACD2-296B97724875}.AppStore|x64.ActiveCfg = Release|Any CPU
		{0D06B90B-063C-426F-ACD2-296B97724875}.AppStore|x64.Build.0 = Release|Any CPU
		{0D06B90B-063C-426F-ACD2-296B97724875}.AppStore|x86.ActiveCfg = Release|Any CPU
		{0D06B90B-063C-426F-ACD2-296B97724875}.AppStore|x86.Build.0 = Release|Any CPU
		{0D06B90B-063C-426F-ACD2-296B97724875}.Debug|Any CPU.ActiveCfg = Debug|Any CPU
		{0D06B90B-063C-426F-ACD2-296B97724875}.Debug|Any CPU.Build.0 = Debug|Any CPU
		{0D06B90B-063C-426F-ACD2-296B97724875}.Debug|ARM.ActiveCfg = Debug|Any CPU
		{0D06B90B-063C-426F-ACD2-296B97724875}.Debug|ARM.Build.0 = Debug|Any CPU
		{0D06B90B-063C-426F-ACD2-296B97724875}.Debug|iPhone.ActiveCfg = Debug|Any CPU
		{0D06B90B-063C-426F-ACD2-296B97724875}.Debug|iPhone.Build.0 = Debug|Any CPU
		{0D06B90B-063C-426F-ACD2-296B97724875}.Debug|iPhoneSimulator.ActiveCfg = Debug|Any CPU
		{0D06B90B-063C-426F-ACD2-296B97724875}.Debug|iPhoneSimulator.Build.0 = Debug|Any CPU
		{0D06B90B-063C-426F-ACD2-296B97724875}.Debug|x64.ActiveCfg = Debug|Any CPU
		{0D06B90B-063C-426F-ACD2-296B97724875}.Debug|x64.Build.0 = Debug|Any CPU
		{0D06B90B-063C-426F-ACD2-296B97724875}.Debug|x86.ActiveCfg = Debug|Any CPU
		{0D06B90B-063C-426F-ACD2-296B97724875}.Debug|x86.Build.0 = Debug|Any CPU
		{0D06B90B-063C-426F-ACD2-296B97724875}.Release|Any CPU.ActiveCfg = Release|Any CPU
		{0D06B90B-063C-426F-ACD2-296B97724875}.Release|Any CPU.Build.0 = Release|Any CPU
		{0D06B90B-063C-426F-ACD2-296B97724875}.Release|ARM.ActiveCfg = Release|Any CPU
		{0D06B90B-063C-426F-ACD2-296B97724875}.Release|ARM.Build.0 = Release|Any CPU
		{0D06B90B-063C-426F-ACD2-296B97724875}.Release|iPhone.ActiveCfg = Release|Any CPU
		{0D06B90B-063C-426F-ACD2-296B97724875}.Release|iPhone.Build.0 = Release|Any CPU
		{0D06B90B-063C-426F-ACD2-296B97724875}.Release|iPhoneSimulator.ActiveCfg = Release|Any CPU
		{0D06B90B-063C-426F-ACD2-296B97724875}.Release|iPhoneSimulator.Build.0 = Release|Any CPU
		{0D06B90B-063C-426F-ACD2-296B97724875}.Release|x64.ActiveCfg = Release|Any CPU
		{0D06B90B-063C-426F-ACD2-296B97724875}.Release|x64.Build.0 = Release|Any CPU
		{0D06B90B-063C-426F-ACD2-296B97724875}.Release|x86.ActiveCfg = Release|Any CPU
		{0D06B90B-063C-426F-ACD2-296B97724875}.Release|x86.Build.0 = Release|Any CPU
		{3D864D44-4B2A-4333-B198-7BD186E76444}.Ad-Hoc|Any CPU.ActiveCfg = Release|x86
		{3D864D44-4B2A-4333-B198-7BD186E76444}.Ad-Hoc|Any CPU.Build.0 = Release|x86
		{3D864D44-4B2A-4333-B198-7BD186E76444}.Ad-Hoc|Any CPU.Deploy.0 = Release|x86
		{3D864D44-4B2A-4333-B198-7BD186E76444}.Ad-Hoc|ARM.ActiveCfg = Release|ARM
		{3D864D44-4B2A-4333-B198-7BD186E76444}.Ad-Hoc|ARM.Build.0 = Release|ARM
		{3D864D44-4B2A-4333-B198-7BD186E76444}.Ad-Hoc|ARM.Deploy.0 = Release|ARM
		{3D864D44-4B2A-4333-B198-7BD186E76444}.Ad-Hoc|iPhone.ActiveCfg = Release|x86
		{3D864D44-4B2A-4333-B198-7BD186E76444}.Ad-Hoc|iPhone.Build.0 = Release|x86
		{3D864D44-4B2A-4333-B198-7BD186E76444}.Ad-Hoc|iPhone.Deploy.0 = Release|x86
		{3D864D44-4B2A-4333-B198-7BD186E76444}.Ad-Hoc|iPhoneSimulator.ActiveCfg = Release|x86
		{3D864D44-4B2A-4333-B198-7BD186E76444}.Ad-Hoc|iPhoneSimulator.Build.0 = Release|x86
		{3D864D44-4B2A-4333-B198-7BD186E76444}.Ad-Hoc|iPhoneSimulator.Deploy.0 = Release|x86
		{3D864D44-4B2A-4333-B198-7BD186E76444}.Ad-Hoc|x64.ActiveCfg = Release|x64
		{3D864D44-4B2A-4333-B198-7BD186E76444}.Ad-Hoc|x64.Build.0 = Release|x64
		{3D864D44-4B2A-4333-B198-7BD186E76444}.Ad-Hoc|x64.Deploy.0 = Release|x64
		{3D864D44-4B2A-4333-B198-7BD186E76444}.Ad-Hoc|x86.ActiveCfg = Release|x86
		{3D864D44-4B2A-4333-B198-7BD186E76444}.Ad-Hoc|x86.Build.0 = Release|x86
		{3D864D44-4B2A-4333-B198-7BD186E76444}.Ad-Hoc|x86.Deploy.0 = Release|x86
		{3D864D44-4B2A-4333-B198-7BD186E76444}.AppStore|Any CPU.ActiveCfg = Release|x86
		{3D864D44-4B2A-4333-B198-7BD186E76444}.AppStore|Any CPU.Build.0 = Release|x86
		{3D864D44-4B2A-4333-B198-7BD186E76444}.AppStore|Any CPU.Deploy.0 = Release|x86
		{3D864D44-4B2A-4333-B198-7BD186E76444}.AppStore|ARM.ActiveCfg = Release|ARM
		{3D864D44-4B2A-4333-B198-7BD186E76444}.AppStore|ARM.Build.0 = Release|ARM
		{3D864D44-4B2A-4333-B198-7BD186E76444}.AppStore|ARM.Deploy.0 = Release|ARM
		{3D864D44-4B2A-4333-B198-7BD186E76444}.AppStore|iPhone.ActiveCfg = Release|x86
		{3D864D44-4B2A-4333-B198-7BD186E76444}.AppStore|iPhone.Build.0 = Release|x86
		{3D864D44-4B2A-4333-B198-7BD186E76444}.AppStore|iPhone.Deploy.0 = Release|x86
		{3D864D44-4B2A-4333-B198-7BD186E76444}.AppStore|iPhoneSimulator.ActiveCfg = Release|x86
		{3D864D44-4B2A-4333-B198-7BD186E76444}.AppStore|iPhoneSimulator.Build.0 = Release|x86
		{3D864D44-4B2A-4333-B198-7BD186E76444}.AppStore|iPhoneSimulator.Deploy.0 = Release|x86
		{3D864D44-4B2A-4333-B198-7BD186E76444}.AppStore|x64.ActiveCfg = Release|x64
		{3D864D44-4B2A-4333-B198-7BD186E76444}.AppStore|x64.Build.0 = Release|x64
		{3D864D44-4B2A-4333-B198-7BD186E76444}.AppStore|x64.Deploy.0 = Release|x64
		{3D864D44-4B2A-4333-B198-7BD186E76444}.AppStore|x86.ActiveCfg = Release|x86
		{3D864D44-4B2A-4333-B198-7BD186E76444}.AppStore|x86.Build.0 = Release|x86
		{3D864D44-4B2A-4333-B198-7BD186E76444}.AppStore|x86.Deploy.0 = Release|x86
		{3D864D44-4B2A-4333-B198-7BD186E76444}.Debug|Any CPU.ActiveCfg = Debug|x86
		{3D864D44-4B2A-4333-B198-7BD186E76444}.Debug|ARM.ActiveCfg = Debug|ARM
		{3D864D44-4B2A-4333-B198-7BD186E76444}.Debug|ARM.Build.0 = Debug|ARM
		{3D864D44-4B2A-4333-B198-7BD186E76444}.Debug|ARM.Deploy.0 = Debug|ARM
		{3D864D44-4B2A-4333-B198-7BD186E76444}.Debug|iPhone.ActiveCfg = Debug|x86
		{3D864D44-4B2A-4333-B198-7BD186E76444}.Debug|iPhoneSimulator.ActiveCfg = Debug|x86
		{3D864D44-4B2A-4333-B198-7BD186E76444}.Debug|x64.ActiveCfg = Debug|x64
		{3D864D44-4B2A-4333-B198-7BD186E76444}.Debug|x64.Build.0 = Debug|x64
		{3D864D44-4B2A-4333-B198-7BD186E76444}.Debug|x64.Deploy.0 = Debug|x64
		{3D864D44-4B2A-4333-B198-7BD186E76444}.Debug|x86.ActiveCfg = Debug|x86
		{3D864D44-4B2A-4333-B198-7BD186E76444}.Debug|x86.Build.0 = Debug|x86
		{3D864D44-4B2A-4333-B198-7BD186E76444}.Debug|x86.Deploy.0 = Debug|x86
		{3D864D44-4B2A-4333-B198-7BD186E76444}.Release|Any CPU.ActiveCfg = Release|x86
		{3D864D44-4B2A-4333-B198-7BD186E76444}.Release|ARM.ActiveCfg = Release|ARM
		{3D864D44-4B2A-4333-B198-7BD186E76444}.Release|ARM.Build.0 = Release|ARM
		{3D864D44-4B2A-4333-B198-7BD186E76444}.Release|ARM.Deploy.0 = Release|ARM
		{3D864D44-4B2A-4333-B198-7BD186E76444}.Release|iPhone.ActiveCfg = Release|x86
		{3D864D44-4B2A-4333-B198-7BD186E76444}.Release|iPhoneSimulator.ActiveCfg = Release|x86
		{3D864D44-4B2A-4333-B198-7BD186E76444}.Release|x64.ActiveCfg = Release|x64
		{3D864D44-4B2A-4333-B198-7BD186E76444}.Release|x64.Build.0 = Release|x64
		{3D864D44-4B2A-4333-B198-7BD186E76444}.Release|x64.Deploy.0 = Release|x64
		{3D864D44-4B2A-4333-B198-7BD186E76444}.Release|x86.ActiveCfg = Release|x86
		{3D864D44-4B2A-4333-B198-7BD186E76444}.Release|x86.Build.0 = Release|x86
		{3D864D44-4B2A-4333-B198-7BD186E76444}.Release|x86.Deploy.0 = Release|x86
		{18A99446-4755-4FED-8579-EC962B3F171E}.Ad-Hoc|Any CPU.ActiveCfg = Ad-Hoc|iPhone
		{18A99446-4755-4FED-8579-EC962B3F171E}.Ad-Hoc|ARM.ActiveCfg = Ad-Hoc|iPhone
		{18A99446-4755-4FED-8579-EC962B3F171E}.Ad-Hoc|iPhone.ActiveCfg = Ad-Hoc|iPhone
		{18A99446-4755-4FED-8579-EC962B3F171E}.Ad-Hoc|iPhone.Build.0 = Ad-Hoc|iPhone
		{18A99446-4755-4FED-8579-EC962B3F171E}.Ad-Hoc|iPhoneSimulator.ActiveCfg = Ad-Hoc|iPhoneSimulator
		{18A99446-4755-4FED-8579-EC962B3F171E}.Ad-Hoc|iPhoneSimulator.Build.0 = Ad-Hoc|iPhoneSimulator
		{18A99446-4755-4FED-8579-EC962B3F171E}.Ad-Hoc|x64.ActiveCfg = Ad-Hoc|iPhone
		{18A99446-4755-4FED-8579-EC962B3F171E}.Ad-Hoc|x86.ActiveCfg = Ad-Hoc|iPhone
		{18A99446-4755-4FED-8579-EC962B3F171E}.AppStore|Any CPU.ActiveCfg = AppStore|iPhone
		{18A99446-4755-4FED-8579-EC962B3F171E}.AppStore|ARM.ActiveCfg = AppStore|iPhone
		{18A99446-4755-4FED-8579-EC962B3F171E}.AppStore|iPhone.ActiveCfg = AppStore|iPhone
		{18A99446-4755-4FED-8579-EC962B3F171E}.AppStore|iPhone.Build.0 = AppStore|iPhone
		{18A99446-4755-4FED-8579-EC962B3F171E}.AppStore|iPhoneSimulator.ActiveCfg = AppStore|iPhoneSimulator
		{18A99446-4755-4FED-8579-EC962B3F171E}.AppStore|iPhoneSimulator.Build.0 = AppStore|iPhoneSimulator
		{18A99446-4755-4FED-8579-EC962B3F171E}.AppStore|x64.ActiveCfg = AppStore|iPhone
		{18A99446-4755-4FED-8579-EC962B3F171E}.AppStore|x86.ActiveCfg = AppStore|iPhone
		{18A99446-4755-4FED-8579-EC962B3F171E}.Debug|Any CPU.ActiveCfg = Debug|iPhone
		{18A99446-4755-4FED-8579-EC962B3F171E}.Debug|ARM.ActiveCfg = Debug|iPhone
		{18A99446-4755-4FED-8579-EC962B3F171E}.Debug|iPhone.ActiveCfg = Debug|iPhone
		{18A99446-4755-4FED-8579-EC962B3F171E}.Debug|iPhone.Build.0 = Debug|iPhone
		{18A99446-4755-4FED-8579-EC962B3F171E}.Debug|iPhoneSimulator.ActiveCfg = Debug|iPhoneSimulator
		{18A99446-4755-4FED-8579-EC962B3F171E}.Debug|iPhoneSimulator.Build.0 = Debug|iPhoneSimulator
		{18A99446-4755-4FED-8579-EC962B3F171E}.Debug|x64.ActiveCfg = Debug|iPhone
		{18A99446-4755-4FED-8579-EC962B3F171E}.Debug|x86.ActiveCfg = Debug|iPhone
		{18A99446-4755-4FED-8579-EC962B3F171E}.Release|Any CPU.ActiveCfg = Release|iPhone
		{18A99446-4755-4FED-8579-EC962B3F171E}.Release|ARM.ActiveCfg = Release|iPhone
		{18A99446-4755-4FED-8579-EC962B3F171E}.Release|iPhone.ActiveCfg = Release|iPhone
		{18A99446-4755-4FED-8579-EC962B3F171E}.Release|iPhone.Build.0 = Release|iPhone
		{18A99446-4755-4FED-8579-EC962B3F171E}.Release|iPhoneSimulator.ActiveCfg = Release|iPhoneSimulator
		{18A99446-4755-4FED-8579-EC962B3F171E}.Release|iPhoneSimulator.Build.0 = Release|iPhoneSimulator
		{18A99446-4755-4FED-8579-EC962B3F171E}.Release|x64.ActiveCfg = Release|iPhone
		{18A99446-4755-4FED-8579-EC962B3F171E}.Release|x86.ActiveCfg = Release|iPhone
	EndGlobalSection
	GlobalSection(SolutionProperties) = preSolution
		HideSolutionNode = FALSE
	EndGlobalSection
EndGlobal
